
Microsoft Visual Studio Solution File, Format Version 12.00
# Visual Studio 15
VisualStudioVersion = 15.0.27428.2027
MinimumVisualStudioVersion = 10.0.40219.1
Project("{2150E333-8FDC-42A3-9474-1A3956D46DE8}") = "Libraries", "Libraries", "{436A3995-4D7E-4AE7-9F69-8BBB08926C08}"
EndProject
Project("{2150E333-8FDC-42A3-9474-1A3956D46DE8}") = "Shared", "Shared", "{0367217E-1DEB-4622-B71C-CD77F44D6E21}"
EndProject
Project("{2150E333-8FDC-42A3-9474-1A3956D46DE8}") = "Icons", "Icons", "{002A9C0A-9AFF-4270-9525-00514A195003}"
	ProjectSection(SolutionItems) = preProject
		Shared\Icons\ASCOM.ico = Shared\Icons\ASCOM.ico
	EndProjectSection
EndProject
Project("{9A19103F-16F7-4668-BE54-9A1E7A4F7556}") = "ASCOM.NETStandard", "Libraries\ASCOM.NETStandard\ASCOM.NETStandard.csproj", "{6088245C-42E2-4E7C-B423-B6939300AF1B}"
EndProject
Project("{9A19103F-16F7-4668-BE54-9A1E7A4F7556}") = "ASCOM.Contracts.NETStandard", "Libraries\ASCOM.Contracts.NETStandard\ASCOM.Contracts.NETStandard.csproj", "{00E504F0-0675-4EF1-8822-3353EAC7EEF8}"
EndProject
Project("{9A19103F-16F7-4668-BE54-9A1E7A4F7556}") = "ASCOM.Exceptions.NETStandard", "Libraries\ASCOM.Exceptions.NETStandard\ASCOM.Exceptions.NETStandard.csproj", "{6472A78A-FA90-4911-90A1-E8654CFE0FF7}"
EndProject
Project("{9A19103F-16F7-4668-BE54-9A1E7A4F7556}") = "ASCOM.Astrometry.NETStandard", "Libraries\ASCOM.Astrometry\ASCOM.Astrometry.NETStandard.csproj", "{A02CA72B-060F-4327-A9A9-0DB8B7BE3D48}"
EndProject
Project("{9A19103F-16F7-4668-BE54-9A1E7A4F7556}") = "ASCOM.Attributes.NETStandard", "Libraries\ASCOM.Attributes\ASCOM.Attributes.NETStandard.csproj", "{FC0D6865-8D3D-4FE6-8157-C03E33477F4D}"
EndProject
Project("{9A19103F-16F7-4668-BE54-9A1E7A4F7556}") = "ASCOM.Controls.NETStandard", "Libraries\ASCOM.Controls\ASCOM.Controls.NETStandard.csproj", "{9D9BE608-C69D-4FE0-A2D5-2253CC82BD19}"
EndProject
Project("{9A19103F-16F7-4668-BE54-9A1E7A4F7556}") = "ASCOM.DeviceInterface.NETStandard", "Libraries\ASCOM.DeviceInterfaces\ASCOM.DeviceInterface.NETStandard.csproj", "{F17550B0-02E4-43D8-9DAB-2DAD8057D1D7}"
EndProject
Project("{9A19103F-16F7-4668-BE54-9A1E7A4F7556}") = "ASCOM.DriverAccess.NETStandard", "Libraries\ASCOM.DriverAccess\ASCOM.DriverAccess.NETStandard.csproj", "{FD1DCAD0-B614-49DF-AF1C-B4DF36B95B8A}"
EndProject
Project("{FAE04EC0-301F-11D3-BF4B-00C04F79EFBC}") = "SwitchSimulator", "Samples\Drivers\Framework\Focuser\SwitchSimulator.csproj", "{64308775-BD4A-469C-BCAB-3ED830B811AF}"
EndProject
Project("{2150E333-8FDC-42A3-9474-1A3956D46DE8}") = "Samples", "Samples", "{AB8218B2-77E4-4A38-B994-B3A4CDE2ACDC}"
EndProject
Project("{2150E333-8FDC-42A3-9474-1A3956D46DE8}") = "Drivers", "Drivers", "{B5F38605-E98A-42C3-9B59-2AEB9A9928AF}"
EndProject
Project("{2150E333-8FDC-42A3-9474-1A3956D46DE8}") = "Framework", "Framework", "{BC79B6A3-37B0-448F-8981-10993B21F3A1}"
EndProject
Project("{9A19103F-16F7-4668-BE54-9A1E7A4F7556}") = "ASCOM.SettingsProvider.NETStandard", "Libraries\ASCOM.SettingsProvider.NETStandard\ASCOM.SettingsProvider.NETStandard.csproj", "{2FDF91EB-24FB-423D-A9F3-EFB9BD2BCB1F}"
EndProject
Project("{9A19103F-16F7-4668-BE54-9A1E7A4F7556}") = "ASCOM.Utilities.NETStandard", "Libraries\ASCOM.Utilities.NETStandard\ASCOM.Utilities.NETStandard.csproj", "{0ECCF515-34C0-465B-91CD-DC348252F225}"
EndProject
Project("{9A19103F-16F7-4668-BE54-9A1E7A4F7556}") = "ASCOM.Utilities.Video.NETStandard", "Libraries\ASCOM.Utilities.Video.NETStandard\ASCOM.Utilities.Video.NETStandard.csproj", "{FC6BF8E1-1EF9-413F-9572-9EB8AD1025FF}"
EndProject
Project("{9A19103F-16F7-4668-BE54-9A1E7A4F7556}") = "ASCOM.Internal.Extensions.NETStandard", "Libraries\ASCOM.Internal.Extensions.NETStandard\ASCOM.Internal.Extensions.NETStandard.csproj", "{3A227B1D-7FFE-4AEC-A9A3-B9B634FF006B}"
EndProject
Project("{2150E333-8FDC-42A3-9474-1A3956D46DE8}") = "NetCore", "NetCore", "{1E5FC450-85CC-4023-83F9-ECB4054A475F}"
EndProject
Project("{9A19103F-16F7-4668-BE54-9A1E7A4F7556}") = "ASCOM.UI", "Samples\Drivers\NETCore\ASCOM.UI\ASCOM.UI.csproj", "{76D3FD97-7F2C-4236-8168-DEA0588D6274}"
EndProject
Project("{2150E333-8FDC-42A3-9474-1A3956D46DE8}") = "Test", "Test", "{5B159755-7E80-40D7-94D1-C27F5D5BC6F9}"
EndProject
Project("{9A19103F-16F7-4668-BE54-9A1E7A4F7556}") = "ASCOM.NETCore", "Shared\ASCOM.NETCore\ASCOM.NETCore.csproj", "{E39FB924-D580-4D1A-B2DF-0FDDA950595E}"
EndProject
Project("{9A19103F-16F7-4668-BE54-9A1E7A4F7556}") = "MSTest.ASCOMTests", "Tests\MSTest.ASCOM.Utilities\MSTest.ASCOMTests.csproj", "{959789BF-97BF-46EF-9B45-A41AA280F1FE}"
EndProject
Project("{2150E333-8FDC-42A3-9474-1A3956D46DE8}") = "Sandbox", "Sandbox", "{DFF85B73-0C60-4C9C-AE8F-E5EDA8FF1168}"
EndProject
Project("{9A19103F-16F7-4668-BE54-9A1E7A4F7556}") = "EncodingSample", "Sandbox\EncodingSample\EncodingSample.csproj", "{832E63BC-C90E-4266-BCE4-3F80BD6F8898}"
EndProject
Project("{9A19103F-16F7-4668-BE54-9A1E7A4F7556}") = "TestApp", "Tests\TestApp\TestApp.csproj", "{B1072BF1-1168-42A0-9B92-EF38A653201B}"
EndProject
Project("{D954291E-2A0B-460D-934E-DC6B0785DB48}") = "RACI.Data.Shared", "Libraries\RACI\RACI.Data.Shared\RACI.Data.Shared.shproj", "{662AB7FC-D964-4090-9E8E-7847C92509EC}"
EndProject
Project("{9A19103F-16F7-4668-BE54-9A1E7A4F7556}") = "RACI.Data.NETStandard", "Libraries\RACI\RACI.Data.NETStandard\RACI.Data.NETStandard.csproj", "{444F04F7-67EF-4BED-96CC-DFFAEFABC031}"
EndProject
Project("{9A19103F-16F7-4668-BE54-9A1E7A4F7556}") = "MigrateTool", "Utils\MigrateTool\MigrateTool.csproj", "{5527BA01-571D-4360-9C40-1B0316257A26}"
EndProject
Project("{2150E333-8FDC-42A3-9474-1A3956D46DE8}") = "WebService", "WebService", "{E3B20F00-1BFF-449E-B93D-AA2C73765B2C}"
EndProject
Project("{9A19103F-16F7-4668-BE54-9A1E7A4F7556}") = "RASCOM.Service.NetCore", "WebService\RASCOM.Service\RASCOM.Service.NetCore.csproj", "{A03D77E2-D6D4-4B4E-8AA1-C719063302BC}"
EndProject
Project("{2150E333-8FDC-42A3-9474-1A3956D46DE8}") = "PlatformX", "PlatformX", "{631638F5-403B-4E4B-A754-C6091862D02F}"
EndProject
Project("{2150E333-8FDC-42A3-9474-1A3956D46DE8}") = "Utils", "Utils", "{F61ED72A-051F-4CD3-8465-5D647DDD2736}"
EndProject
Project("{9A19103F-16F7-4668-BE54-9A1E7A4F7556}") = "ProfileEdit", "Utils\ProfileEdit\ProfileEdit.csproj", "{739F262D-1488-4CAC-959D-D64B50705D75}"
EndProject
Project("{9A19103F-16F7-4668-BE54-9A1E7A4F7556}") = "EFTool", "Utils\EFTool\EFTool.csproj", "{80FF0A0D-1D59-420F-8D82-6E08B3EBA508}"
EndProject
Project("{F184B08F-C81C-45F6-A57F-5ABD9991F28F}") = "PMC8Dev", "..\Drivers\Framework\PMC8\PMC8Dev.vbproj", "{71BB4DA7-4092-416D-89FE-97CD15207371}"
EndProject
Project("{2150E333-8FDC-42A3-9474-1A3956D46DE8}") = "PMC8", "PMC8", "{09D167CA-AD71-4725-AB9B-92D3EA6D928E}"
EndProject
Project("{9A19103F-16F7-4668-BE54-9A1E7A4F7556}") = "ES_PMC8.Simlator", "..\Drivers\Framework\Explorer Scientific PMC-8\ES_PMC8.Simlator\ES_PMC8.Simlator.csproj", "{05CA6AB5-63D9-48CF-8100-63BEAAB76952}"
EndProject
Project("{2150E333-8FDC-42A3-9474-1A3956D46DE8}") = "AppSettings", "AppSettings", "{3A2750A9-E67B-432C-B9FC-40B71C039F2F}"
	ProjectSection(SolutionItems) = preProject
		Shared\appsettings.json = Shared\appsettings.json
	EndProjectSection
EndProject
Project("{FAE04EC0-301F-11D3-BF4B-00C04F79EFBC}") = "RotatorSimulator", "..\Drivers\Framework\RotatorSimulator\RotatorSimulator.csproj", "{4946A66B-28F9-4C69-8489-D0E409495CF8}"
EndProject
Project("{FAE04EC0-301F-11D3-BF4B-00C04F79EFBC}") = "Test.RotatorSimulator", "Tests\Test.RotatorSimulator\Test.RotatorSimulator.csproj", "{8E8D406C-1838-4914-867D-AB602D0EAF3E}"
EndProject
Project("{2150E333-8FDC-42A3-9474-1A3956D46DE8}") = "RACI", "RACI", "{2603E434-980C-4F14-90F8-A59A00E8BFE1}"
EndProject
Project("{9A19103F-16F7-4668-BE54-9A1E7A4F7556}") = "RACI.Comm.NETStandard", "Libraries\RACI\RACI.Comm.NETStandard\RACI.Comm.NETStandard.csproj", "{9469B535-4686-48C4-9FF1-AD7F5F012430}"
EndProject
Project("{9A19103F-16F7-4668-BE54-9A1E7A4F7556}") = "RACI.Settings.NETStandard", "Libraries\RACI\RACI.Settings.NETStandard\RACI.Settings.NETStandard.csproj", "{DFDF2314-6B8B-4DF0-BF8C-EC9959951C5E}"
EndProject
Project("{FAE04EC0-301F-11D3-BF4B-00C04F79EFBC}") = "ConsoleApp471", "Sandbox\ConsoleApp471\ConsoleApp471.csproj", "{CC250792-E911-4C47-ABE8-5850F36286BB}"
EndProject
Project("{9A19103F-16F7-4668-BE54-9A1E7A4F7556}") = "ConsoleApp.NetCore2.0", "Sandbox\ConsoleApp.NetCore2.0\ConsoleApp.NetCore2.0.csproj", "{EA280E46-4B0B-461E-A231-4D723E7108A0}"
EndProject
Project("{2150E333-8FDC-42A3-9474-1A3956D46DE8}") = "Sandbox", "Sandbox", "{DA873A14-2DEC-4813-B5A6-7E526F552485}"
EndProject
Project("{2150E333-8FDC-42A3-9474-1A3956D46DE8}") = "Drivers", "Drivers", "{A25A3F91-A1EC-4B2E-A43C-36A7361F4011}"
EndProject
Project("{FAE04EC0-301F-11D3-BF4B-00C04F79EFBC}") = "FocuserSimulatorDriver", "..\ascom-sf\Drivers and Simulators\Focus Simulator 2010\FocuserSimulatorDriver\FocuserSimulatorDriver.csproj", "{81091BA8-725D-465D-AC6B-A36912B73AA7}"
EndProject
Project("{FAE04EC0-301F-11D3-BF4B-00C04F79EFBC}") = "ASCOM.Simulator.Focuser.NETStandard", "Libraries\Drivers\ASCOM.Simulator.Focuser\ASCOM.Simulator.Focuser.NETStandard.csproj", "{9E2BC849-E36F-44AB-8065-16CF9D7B21AD}"
EndProject
Project("{FAE04EC0-301F-11D3-BF4B-00C04F79EFBC}") = "ASCOM.Simulator.Rotator.NETStandard", "Libraries\Drivers\ASCOM.Simulator.Rotator.NETStandard\ASCOM.Simulator.Rotator.NETStandard.csproj", "{FB7DAFC4-7A06-44EC-AD11-5366B7BFA02C}"
EndProject
Global
	GlobalSection(SharedMSBuildProjectFiles) = preSolution
		Libraries\RACI\RACI.Data.Shared\RACI.Data.Shared.projitems*{662ab7fc-d964-4090-9e8e-7847c92509ec}*SharedItemsImports = 13
	EndGlobalSection
	GlobalSection(SolutionConfigurationPlatforms) = preSolution
		Debug|Any CPU = Debug|Any CPU
		Debug|x86 = Debug|x86
		Release|Any CPU = Release|Any CPU
		Release|x86 = Release|x86
	EndGlobalSection
	GlobalSection(ProjectConfigurationPlatforms) = postSolution
		{6088245C-42E2-4E7C-B423-B6939300AF1B}.Debug|Any CPU.ActiveCfg = Debug|Any CPU
		{6088245C-42E2-4E7C-B423-B6939300AF1B}.Debug|x86.ActiveCfg = Debug|Any CPU
		{6088245C-42E2-4E7C-B423-B6939300AF1B}.Debug|x86.Build.0 = Debug|Any CPU
		{6088245C-42E2-4E7C-B423-B6939300AF1B}.Release|Any CPU.ActiveCfg = Debug|Any CPU
		{6088245C-42E2-4E7C-B423-B6939300AF1B}.Release|x86.ActiveCfg = Release|Any CPU
		{6088245C-42E2-4E7C-B423-B6939300AF1B}.Release|x86.Build.0 = Release|Any CPU
		{00E504F0-0675-4EF1-8822-3353EAC7EEF8}.Debug|Any CPU.ActiveCfg = Debug|Any CPU
		{00E504F0-0675-4EF1-8822-3353EAC7EEF8}.Debug|Any CPU.Build.0 = Debug|Any CPU
		{00E504F0-0675-4EF1-8822-3353EAC7EEF8}.Debug|x86.ActiveCfg = Debug|Any CPU
		{00E504F0-0675-4EF1-8822-3353EAC7EEF8}.Debug|x86.Build.0 = Debug|Any CPU
		{00E504F0-0675-4EF1-8822-3353EAC7EEF8}.Release|Any CPU.ActiveCfg = Debug|Any CPU
		{00E504F0-0675-4EF1-8822-3353EAC7EEF8}.Release|Any CPU.Build.0 = Debug|Any CPU
		{00E504F0-0675-4EF1-8822-3353EAC7EEF8}.Release|x86.ActiveCfg = Release|Any CPU
		{00E504F0-0675-4EF1-8822-3353EAC7EEF8}.Release|x86.Build.0 = Release|Any CPU
		{6472A78A-FA90-4911-90A1-E8654CFE0FF7}.Debug|Any CPU.ActiveCfg = Debug|Any CPU
		{6472A78A-FA90-4911-90A1-E8654CFE0FF7}.Debug|Any CPU.Build.0 = Debug|Any CPU
		{6472A78A-FA90-4911-90A1-E8654CFE0FF7}.Debug|x86.ActiveCfg = Debug|Any CPU
		{6472A78A-FA90-4911-90A1-E8654CFE0FF7}.Debug|x86.Build.0 = Debug|Any CPU
		{6472A78A-FA90-4911-90A1-E8654CFE0FF7}.Release|Any CPU.ActiveCfg = Debug|Any CPU
		{6472A78A-FA90-4911-90A1-E8654CFE0FF7}.Release|Any CPU.Build.0 = Debug|Any CPU
		{6472A78A-FA90-4911-90A1-E8654CFE0FF7}.Release|x86.ActiveCfg = Release|Any CPU
		{6472A78A-FA90-4911-90A1-E8654CFE0FF7}.Release|x86.Build.0 = Release|Any CPU
		{A02CA72B-060F-4327-A9A9-0DB8B7BE3D48}.Debug|Any CPU.ActiveCfg = Debug|Any CPU
		{A02CA72B-060F-4327-A9A9-0DB8B7BE3D48}.Debug|Any CPU.Build.0 = Debug|Any CPU
		{A02CA72B-060F-4327-A9A9-0DB8B7BE3D48}.Debug|x86.ActiveCfg = Debug|Any CPU
		{A02CA72B-060F-4327-A9A9-0DB8B7BE3D48}.Debug|x86.Build.0 = Debug|Any CPU
		{A02CA72B-060F-4327-A9A9-0DB8B7BE3D48}.Release|Any CPU.ActiveCfg = Debug|Any CPU
		{A02CA72B-060F-4327-A9A9-0DB8B7BE3D48}.Release|Any CPU.Build.0 = Debug|Any CPU
		{A02CA72B-060F-4327-A9A9-0DB8B7BE3D48}.Release|x86.ActiveCfg = Release|Any CPU
		{A02CA72B-060F-4327-A9A9-0DB8B7BE3D48}.Release|x86.Build.0 = Release|Any CPU
		{FC0D6865-8D3D-4FE6-8157-C03E33477F4D}.Debug|Any CPU.ActiveCfg = Debug|Any CPU
		{FC0D6865-8D3D-4FE6-8157-C03E33477F4D}.Debug|Any CPU.Build.0 = Debug|Any CPU
		{FC0D6865-8D3D-4FE6-8157-C03E33477F4D}.Debug|x86.ActiveCfg = Debug|Any CPU
		{FC0D6865-8D3D-4FE6-8157-C03E33477F4D}.Debug|x86.Build.0 = Debug|Any CPU
		{FC0D6865-8D3D-4FE6-8157-C03E33477F4D}.Release|Any CPU.ActiveCfg = Debug|Any CPU
		{FC0D6865-8D3D-4FE6-8157-C03E33477F4D}.Release|Any CPU.Build.0 = Debug|Any CPU
		{FC0D6865-8D3D-4FE6-8157-C03E33477F4D}.Release|x86.ActiveCfg = Release|Any CPU
		{FC0D6865-8D3D-4FE6-8157-C03E33477F4D}.Release|x86.Build.0 = Release|Any CPU
		{9D9BE608-C69D-4FE0-A2D5-2253CC82BD19}.Debug|Any CPU.ActiveCfg = Debug|Any CPU
		{9D9BE608-C69D-4FE0-A2D5-2253CC82BD19}.Debug|x86.ActiveCfg = Debug|Any CPU
		{9D9BE608-C69D-4FE0-A2D5-2253CC82BD19}.Debug|x86.Build.0 = Debug|Any CPU
		{9D9BE608-C69D-4FE0-A2D5-2253CC82BD19}.Release|Any CPU.ActiveCfg = Debug|Any CPU
		{9D9BE608-C69D-4FE0-A2D5-2253CC82BD19}.Release|x86.ActiveCfg = Release|Any CPU
		{9D9BE608-C69D-4FE0-A2D5-2253CC82BD19}.Release|x86.Build.0 = Release|Any CPU
		{F17550B0-02E4-43D8-9DAB-2DAD8057D1D7}.Debug|Any CPU.ActiveCfg = Debug|Any CPU
		{F17550B0-02E4-43D8-9DAB-2DAD8057D1D7}.Debug|Any CPU.Build.0 = Debug|Any CPU
		{F17550B0-02E4-43D8-9DAB-2DAD8057D1D7}.Debug|x86.ActiveCfg = Debug|Any CPU
		{F17550B0-02E4-43D8-9DAB-2DAD8057D1D7}.Debug|x86.Build.0 = Debug|Any CPU
		{F17550B0-02E4-43D8-9DAB-2DAD8057D1D7}.Release|Any CPU.ActiveCfg = Debug|Any CPU
		{F17550B0-02E4-43D8-9DAB-2DAD8057D1D7}.Release|Any CPU.Build.0 = Debug|Any CPU
		{F17550B0-02E4-43D8-9DAB-2DAD8057D1D7}.Release|x86.ActiveCfg = Release|Any CPU
		{F17550B0-02E4-43D8-9DAB-2DAD8057D1D7}.Release|x86.Build.0 = Release|Any CPU
		{FD1DCAD0-B614-49DF-AF1C-B4DF36B95B8A}.Debug|Any CPU.ActiveCfg = Debug|Any CPU
		{FD1DCAD0-B614-49DF-AF1C-B4DF36B95B8A}.Debug|Any CPU.Build.0 = Debug|Any CPU
		{FD1DCAD0-B614-49DF-AF1C-B4DF36B95B8A}.Debug|x86.ActiveCfg = Debug|Any CPU
		{FD1DCAD0-B614-49DF-AF1C-B4DF36B95B8A}.Debug|x86.Build.0 = Debug|Any CPU
		{FD1DCAD0-B614-49DF-AF1C-B4DF36B95B8A}.Release|Any CPU.ActiveCfg = Debug|Any CPU
		{FD1DCAD0-B614-49DF-AF1C-B4DF36B95B8A}.Release|Any CPU.Build.0 = Debug|Any CPU
		{FD1DCAD0-B614-49DF-AF1C-B4DF36B95B8A}.Release|x86.ActiveCfg = Release|Any CPU
		{FD1DCAD0-B614-49DF-AF1C-B4DF36B95B8A}.Release|x86.Build.0 = Release|Any CPU
		{64308775-BD4A-469C-BCAB-3ED830B811AF}.Debug|Any CPU.ActiveCfg = Debug|Any CPU
		{64308775-BD4A-469C-BCAB-3ED830B811AF}.Debug|Any CPU.Build.0 = Debug|Any CPU
		{64308775-BD4A-469C-BCAB-3ED830B811AF}.Debug|x86.ActiveCfg = Debug|Any CPU
		{64308775-BD4A-469C-BCAB-3ED830B811AF}.Debug|x86.Build.0 = Debug|Any CPU
		{64308775-BD4A-469C-BCAB-3ED830B811AF}.Release|Any CPU.ActiveCfg = Debug|Any CPU
		{64308775-BD4A-469C-BCAB-3ED830B811AF}.Release|Any CPU.Build.0 = Debug|Any CPU
		{64308775-BD4A-469C-BCAB-3ED830B811AF}.Release|x86.ActiveCfg = Release|Any CPU
		{64308775-BD4A-469C-BCAB-3ED830B811AF}.Release|x86.Build.0 = Release|Any CPU
		{2FDF91EB-24FB-423D-A9F3-EFB9BD2BCB1F}.Debug|Any CPU.ActiveCfg = Debug|Any CPU
		{2FDF91EB-24FB-423D-A9F3-EFB9BD2BCB1F}.Debug|Any CPU.Build.0 = Debug|Any CPU
		{2FDF91EB-24FB-423D-A9F3-EFB9BD2BCB1F}.Debug|x86.ActiveCfg = Debug|Any CPU
		{2FDF91EB-24FB-423D-A9F3-EFB9BD2BCB1F}.Debug|x86.Build.0 = Debug|Any CPU
		{2FDF91EB-24FB-423D-A9F3-EFB9BD2BCB1F}.Release|Any CPU.ActiveCfg = Debug|Any CPU
		{2FDF91EB-24FB-423D-A9F3-EFB9BD2BCB1F}.Release|Any CPU.Build.0 = Debug|Any CPU
		{2FDF91EB-24FB-423D-A9F3-EFB9BD2BCB1F}.Release|x86.ActiveCfg = Release|Any CPU
		{2FDF91EB-24FB-423D-A9F3-EFB9BD2BCB1F}.Release|x86.Build.0 = Release|Any CPU
		{0ECCF515-34C0-465B-91CD-DC348252F225}.Debug|Any CPU.ActiveCfg = Debug|Any CPU
		{0ECCF515-34C0-465B-91CD-DC348252F225}.Debug|Any CPU.Build.0 = Debug|Any CPU
		{0ECCF515-34C0-465B-91CD-DC348252F225}.Debug|x86.ActiveCfg = Debug|Any CPU
		{0ECCF515-34C0-465B-91CD-DC348252F225}.Debug|x86.Build.0 = Debug|Any CPU
		{0ECCF515-34C0-465B-91CD-DC348252F225}.Release|Any CPU.ActiveCfg = Debug|Any CPU
		{0ECCF515-34C0-465B-91CD-DC348252F225}.Release|Any CPU.Build.0 = Debug|Any CPU
		{0ECCF515-34C0-465B-91CD-DC348252F225}.Release|x86.ActiveCfg = Release|Any CPU
		{0ECCF515-34C0-465B-91CD-DC348252F225}.Release|x86.Build.0 = Release|Any CPU
		{FC6BF8E1-1EF9-413F-9572-9EB8AD1025FF}.Debug|Any CPU.ActiveCfg = Debug|Any CPU
		{FC6BF8E1-1EF9-413F-9572-9EB8AD1025FF}.Debug|x86.ActiveCfg = Debug|Any CPU
		{FC6BF8E1-1EF9-413F-9572-9EB8AD1025FF}.Debug|x86.Build.0 = Debug|Any CPU
		{FC6BF8E1-1EF9-413F-9572-9EB8AD1025FF}.Release|Any CPU.ActiveCfg = Debug|Any CPU
		{FC6BF8E1-1EF9-413F-9572-9EB8AD1025FF}.Release|x86.ActiveCfg = Release|Any CPU
		{FC6BF8E1-1EF9-413F-9572-9EB8AD1025FF}.Release|x86.Build.0 = Release|Any CPU
		{3A227B1D-7FFE-4AEC-A9A3-B9B634FF006B}.Debug|Any CPU.ActiveCfg = Debug|Any CPU
		{3A227B1D-7FFE-4AEC-A9A3-B9B634FF006B}.Debug|Any CPU.Build.0 = Debug|Any CPU
		{3A227B1D-7FFE-4AEC-A9A3-B9B634FF006B}.Debug|x86.ActiveCfg = Debug|Any CPU
		{3A227B1D-7FFE-4AEC-A9A3-B9B634FF006B}.Debug|x86.Build.0 = Debug|Any CPU
		{3A227B1D-7FFE-4AEC-A9A3-B9B634FF006B}.Release|Any CPU.ActiveCfg = Debug|Any CPU
		{3A227B1D-7FFE-4AEC-A9A3-B9B634FF006B}.Release|Any CPU.Build.0 = Debug|Any CPU
		{3A227B1D-7FFE-4AEC-A9A3-B9B634FF006B}.Release|x86.ActiveCfg = Release|Any CPU
		{3A227B1D-7FFE-4AEC-A9A3-B9B634FF006B}.Release|x86.Build.0 = Release|Any CPU
		{76D3FD97-7F2C-4236-8168-DEA0588D6274}.Debug|Any CPU.ActiveCfg = Debug|Any CPU
		{76D3FD97-7F2C-4236-8168-DEA0588D6274}.Debug|Any CPU.Build.0 = Debug|Any CPU
		{76D3FD97-7F2C-4236-8168-DEA0588D6274}.Debug|x86.ActiveCfg = Debug|Any CPU
		{76D3FD97-7F2C-4236-8168-DEA0588D6274}.Debug|x86.Build.0 = Debug|Any CPU
		{76D3FD97-7F2C-4236-8168-DEA0588D6274}.Release|Any CPU.ActiveCfg = Release|Any CPU
		{76D3FD97-7F2C-4236-8168-DEA0588D6274}.Release|Any CPU.Build.0 = Release|Any CPU
		{76D3FD97-7F2C-4236-8168-DEA0588D6274}.Release|x86.ActiveCfg = Release|Any CPU
		{76D3FD97-7F2C-4236-8168-DEA0588D6274}.Release|x86.Build.0 = Release|Any CPU
		{E39FB924-D580-4D1A-B2DF-0FDDA950595E}.Debug|Any CPU.ActiveCfg = Debug|Any CPU
		{E39FB924-D580-4D1A-B2DF-0FDDA950595E}.Debug|Any CPU.Build.0 = Debug|Any CPU
		{E39FB924-D580-4D1A-B2DF-0FDDA950595E}.Debug|x86.ActiveCfg = Debug|Any CPU
		{E39FB924-D580-4D1A-B2DF-0FDDA950595E}.Debug|x86.Build.0 = Debug|Any CPU
		{E39FB924-D580-4D1A-B2DF-0FDDA950595E}.Release|Any CPU.ActiveCfg = Release|Any CPU
		{E39FB924-D580-4D1A-B2DF-0FDDA950595E}.Release|Any CPU.Build.0 = Release|Any CPU
		{E39FB924-D580-4D1A-B2DF-0FDDA950595E}.Release|x86.ActiveCfg = Release|Any CPU
		{E39FB924-D580-4D1A-B2DF-0FDDA950595E}.Release|x86.Build.0 = Release|Any CPU
		{959789BF-97BF-46EF-9B45-A41AA280F1FE}.Debug|Any CPU.ActiveCfg = Debug|Any CPU
		{959789BF-97BF-46EF-9B45-A41AA280F1FE}.Debug|Any CPU.Build.0 = Debug|Any CPU
		{959789BF-97BF-46EF-9B45-A41AA280F1FE}.Debug|x86.ActiveCfg = Debug|Any CPU
		{959789BF-97BF-46EF-9B45-A41AA280F1FE}.Debug|x86.Build.0 = Debug|Any CPU
		{959789BF-97BF-46EF-9B45-A41AA280F1FE}.Release|Any CPU.ActiveCfg = Release|Any CPU
		{959789BF-97BF-46EF-9B45-A41AA280F1FE}.Release|Any CPU.Build.0 = Release|Any CPU
		{959789BF-97BF-46EF-9B45-A41AA280F1FE}.Release|x86.ActiveCfg = Release|Any CPU
		{959789BF-97BF-46EF-9B45-A41AA280F1FE}.Release|x86.Build.0 = Release|Any CPU
		{832E63BC-C90E-4266-BCE4-3F80BD6F8898}.Debug|Any CPU.ActiveCfg = Debug|Any CPU
		{832E63BC-C90E-4266-BCE4-3F80BD6F8898}.Debug|Any CPU.Build.0 = Debug|Any CPU
		{832E63BC-C90E-4266-BCE4-3F80BD6F8898}.Debug|x86.ActiveCfg = Debug|Any CPU
		{832E63BC-C90E-4266-BCE4-3F80BD6F8898}.Debug|x86.Build.0 = Debug|Any CPU
		{832E63BC-C90E-4266-BCE4-3F80BD6F8898}.Release|Any CPU.ActiveCfg = Release|Any CPU
		{832E63BC-C90E-4266-BCE4-3F80BD6F8898}.Release|Any CPU.Build.0 = Release|Any CPU
		{832E63BC-C90E-4266-BCE4-3F80BD6F8898}.Release|x86.ActiveCfg = Release|Any CPU
		{832E63BC-C90E-4266-BCE4-3F80BD6F8898}.Release|x86.Build.0 = Release|Any CPU
		{B1072BF1-1168-42A0-9B92-EF38A653201B}.Debug|Any CPU.ActiveCfg = Debug|Any CPU
		{B1072BF1-1168-42A0-9B92-EF38A653201B}.Debug|Any CPU.Build.0 = Debug|Any CPU
		{B1072BF1-1168-42A0-9B92-EF38A653201B}.Debug|x86.ActiveCfg = Debug|Any CPU
		{B1072BF1-1168-42A0-9B92-EF38A653201B}.Debug|x86.Build.0 = Debug|Any CPU
		{B1072BF1-1168-42A0-9B92-EF38A653201B}.Release|Any CPU.ActiveCfg = Release|Any CPU
		{B1072BF1-1168-42A0-9B92-EF38A653201B}.Release|Any CPU.Build.0 = Release|Any CPU
		{B1072BF1-1168-42A0-9B92-EF38A653201B}.Release|x86.ActiveCfg = Release|Any CPU
		{B1072BF1-1168-42A0-9B92-EF38A653201B}.Release|x86.Build.0 = Release|Any CPU
		{444F04F7-67EF-4BED-96CC-DFFAEFABC031}.Debug|Any CPU.ActiveCfg = Debug|Any CPU
		{444F04F7-67EF-4BED-96CC-DFFAEFABC031}.Debug|Any CPU.Build.0 = Debug|Any CPU
		{444F04F7-67EF-4BED-96CC-DFFAEFABC031}.Debug|x86.ActiveCfg = Debug|Any CPU
		{444F04F7-67EF-4BED-96CC-DFFAEFABC031}.Debug|x86.Build.0 = Debug|Any CPU
		{444F04F7-67EF-4BED-96CC-DFFAEFABC031}.Release|Any CPU.ActiveCfg = Release|Any CPU
		{444F04F7-67EF-4BED-96CC-DFFAEFABC031}.Release|Any CPU.Build.0 = Release|Any CPU
		{444F04F7-67EF-4BED-96CC-DFFAEFABC031}.Release|x86.ActiveCfg = Release|Any CPU
		{444F04F7-67EF-4BED-96CC-DFFAEFABC031}.Release|x86.Build.0 = Release|Any CPU
		{5527BA01-571D-4360-9C40-1B0316257A26}.Debug|Any CPU.ActiveCfg = Debug|Any CPU
		{5527BA01-571D-4360-9C40-1B0316257A26}.Debug|Any CPU.Build.0 = Debug|Any CPU
		{5527BA01-571D-4360-9C40-1B0316257A26}.Debug|x86.ActiveCfg = Debug|Any CPU
		{5527BA01-571D-4360-9C40-1B0316257A26}.Debug|x86.Build.0 = Debug|Any CPU
		{5527BA01-571D-4360-9C40-1B0316257A26}.Release|Any CPU.ActiveCfg = Release|Any CPU
		{5527BA01-571D-4360-9C40-1B0316257A26}.Release|Any CPU.Build.0 = Release|Any CPU
		{5527BA01-571D-4360-9C40-1B0316257A26}.Release|x86.ActiveCfg = Release|Any CPU
		{5527BA01-571D-4360-9C40-1B0316257A26}.Release|x86.Build.0 = Release|Any CPU
		{A03D77E2-D6D4-4B4E-8AA1-C719063302BC}.Debug|Any CPU.ActiveCfg = Debug|Any CPU
		{A03D77E2-D6D4-4B4E-8AA1-C719063302BC}.Debug|Any CPU.Build.0 = Debug|Any CPU
		{A03D77E2-D6D4-4B4E-8AA1-C719063302BC}.Debug|x86.ActiveCfg = Debug|Any CPU
		{A03D77E2-D6D4-4B4E-8AA1-C719063302BC}.Debug|x86.Build.0 = Debug|Any CPU
		{A03D77E2-D6D4-4B4E-8AA1-C719063302BC}.Release|Any CPU.ActiveCfg = Release|Any CPU
		{A03D77E2-D6D4-4B4E-8AA1-C719063302BC}.Release|Any CPU.Build.0 = Release|Any CPU
		{A03D77E2-D6D4-4B4E-8AA1-C719063302BC}.Release|x86.ActiveCfg = Release|Any CPU
		{A03D77E2-D6D4-4B4E-8AA1-C719063302BC}.Release|x86.Build.0 = Release|Any CPU
		{739F262D-1488-4CAC-959D-D64B50705D75}.Debug|Any CPU.ActiveCfg = Debug|Any CPU
		{739F262D-1488-4CAC-959D-D64B50705D75}.Debug|Any CPU.Build.0 = Debug|Any CPU
		{739F262D-1488-4CAC-959D-D64B50705D75}.Debug|x86.ActiveCfg = Debug|Any CPU
		{739F262D-1488-4CAC-959D-D64B50705D75}.Debug|x86.Build.0 = Debug|Any CPU
		{739F262D-1488-4CAC-959D-D64B50705D75}.Release|Any CPU.ActiveCfg = Release|Any CPU
		{739F262D-1488-4CAC-959D-D64B50705D75}.Release|Any CPU.Build.0 = Release|Any CPU
		{739F262D-1488-4CAC-959D-D64B50705D75}.Release|x86.ActiveCfg = Release|Any CPU
		{739F262D-1488-4CAC-959D-D64B50705D75}.Release|x86.Build.0 = Release|Any CPU
		{80FF0A0D-1D59-420F-8D82-6E08B3EBA508}.Debug|Any CPU.ActiveCfg = Debug|Any CPU
		{80FF0A0D-1D59-420F-8D82-6E08B3EBA508}.Debug|Any CPU.Build.0 = Debug|Any CPU
		{80FF0A0D-1D59-420F-8D82-6E08B3EBA508}.Debug|x86.ActiveCfg = Debug|Any CPU
		{80FF0A0D-1D59-420F-8D82-6E08B3EBA508}.Debug|x86.Build.0 = Debug|Any CPU
		{80FF0A0D-1D59-420F-8D82-6E08B3EBA508}.Release|Any CPU.ActiveCfg = Release|Any CPU
		{80FF0A0D-1D59-420F-8D82-6E08B3EBA508}.Release|Any CPU.Build.0 = Release|Any CPU
		{80FF0A0D-1D59-420F-8D82-6E08B3EBA508}.Release|x86.ActiveCfg = Release|Any CPU
		{80FF0A0D-1D59-420F-8D82-6E08B3EBA508}.Release|x86.Build.0 = Release|Any CPU
		{71BB4DA7-4092-416D-89FE-97CD15207371}.Debug|Any CPU.ActiveCfg = Debug|Any CPU
		{71BB4DA7-4092-416D-89FE-97CD15207371}.Debug|Any CPU.Build.0 = Debug|Any CPU
		{71BB4DA7-4092-416D-89FE-97CD15207371}.Debug|x86.ActiveCfg = Debug|Any CPU
		{71BB4DA7-4092-416D-89FE-97CD15207371}.Debug|x86.Build.0 = Debug|Any CPU
		{71BB4DA7-4092-416D-89FE-97CD15207371}.Release|Any CPU.ActiveCfg = Release|Any CPU
		{71BB4DA7-4092-416D-89FE-97CD15207371}.Release|Any CPU.Build.0 = Release|Any CPU
		{71BB4DA7-4092-416D-89FE-97CD15207371}.Release|x86.ActiveCfg = Release|Any CPU
		{71BB4DA7-4092-416D-89FE-97CD15207371}.Release|x86.Build.0 = Release|Any CPU
		{05CA6AB5-63D9-48CF-8100-63BEAAB76952}.Debug|Any CPU.ActiveCfg = Debug|Any CPU
		{05CA6AB5-63D9-48CF-8100-63BEAAB76952}.Debug|Any CPU.Build.0 = Debug|Any CPU
		{05CA6AB5-63D9-48CF-8100-63BEAAB76952}.Debug|x86.ActiveCfg = Debug|Any CPU
		{05CA6AB5-63D9-48CF-8100-63BEAAB76952}.Debug|x86.Build.0 = Debug|Any CPU
		{05CA6AB5-63D9-48CF-8100-63BEAAB76952}.Release|Any CPU.ActiveCfg = Release|Any CPU
		{05CA6AB5-63D9-48CF-8100-63BEAAB76952}.Release|Any CPU.Build.0 = Release|Any CPU
		{05CA6AB5-63D9-48CF-8100-63BEAAB76952}.Release|x86.ActiveCfg = Release|Any CPU
		{05CA6AB5-63D9-48CF-8100-63BEAAB76952}.Release|x86.Build.0 = Release|Any CPU
		{4946A66B-28F9-4C69-8489-D0E409495CF8}.Debug|Any CPU.ActiveCfg = Debug|Any CPU
		{4946A66B-28F9-4C69-8489-D0E409495CF8}.Debug|Any CPU.Build.0 = Debug|Any CPU
		{4946A66B-28F9-4C69-8489-D0E409495CF8}.Debug|x86.ActiveCfg = Debug|Any CPU
		{4946A66B-28F9-4C69-8489-D0E409495CF8}.Debug|x86.Build.0 = Debug|Any CPU
		{4946A66B-28F9-4C69-8489-D0E409495CF8}.Release|Any CPU.ActiveCfg = Release|Any CPU
		{4946A66B-28F9-4C69-8489-D0E409495CF8}.Release|Any CPU.Build.0 = Release|Any CPU
		{4946A66B-28F9-4C69-8489-D0E409495CF8}.Release|x86.ActiveCfg = Release|Any CPU
		{4946A66B-28F9-4C69-8489-D0E409495CF8}.Release|x86.Build.0 = Release|Any CPU
		{8E8D406C-1838-4914-867D-AB602D0EAF3E}.Debug|Any CPU.ActiveCfg = Debug|x86
		{8E8D406C-1838-4914-867D-AB602D0EAF3E}.Debug|x86.ActiveCfg = Debug|x86
		{8E8D406C-1838-4914-867D-AB602D0EAF3E}.Debug|x86.Build.0 = Debug|x86
		{8E8D406C-1838-4914-867D-AB602D0EAF3E}.Release|Any CPU.ActiveCfg = Release|x86
		{8E8D406C-1838-4914-867D-AB602D0EAF3E}.Release|x86.ActiveCfg = Release|x86
		{8E8D406C-1838-4914-867D-AB602D0EAF3E}.Release|x86.Build.0 = Release|x86
		{9469B535-4686-48C4-9FF1-AD7F5F012430}.Debug|Any CPU.ActiveCfg = Debug|Any CPU
		{9469B535-4686-48C4-9FF1-AD7F5F012430}.Debug|Any CPU.Build.0 = Debug|Any CPU
		{9469B535-4686-48C4-9FF1-AD7F5F012430}.Debug|x86.ActiveCfg = Debug|Any CPU
		{9469B535-4686-48C4-9FF1-AD7F5F012430}.Debug|x86.Build.0 = Debug|Any CPU
		{9469B535-4686-48C4-9FF1-AD7F5F012430}.Release|Any CPU.ActiveCfg = Release|Any CPU
		{9469B535-4686-48C4-9FF1-AD7F5F012430}.Release|Any CPU.Build.0 = Release|Any CPU
		{9469B535-4686-48C4-9FF1-AD7F5F012430}.Release|x86.ActiveCfg = Release|Any CPU
		{9469B535-4686-48C4-9FF1-AD7F5F012430}.Release|x86.Build.0 = Release|Any CPU
		{DFDF2314-6B8B-4DF0-BF8C-EC9959951C5E}.Debug|Any CPU.ActiveCfg = Debug|Any CPU
		{DFDF2314-6B8B-4DF0-BF8C-EC9959951C5E}.Debug|Any CPU.Build.0 = Debug|Any CPU
		{DFDF2314-6B8B-4DF0-BF8C-EC9959951C5E}.Debug|x86.ActiveCfg = Debug|Any CPU
		{DFDF2314-6B8B-4DF0-BF8C-EC9959951C5E}.Debug|x86.Build.0 = Debug|Any CPU
		{DFDF2314-6B8B-4DF0-BF8C-EC9959951C5E}.Release|Any CPU.ActiveCfg = Release|Any CPU
		{DFDF2314-6B8B-4DF0-BF8C-EC9959951C5E}.Release|Any CPU.Build.0 = Release|Any CPU
		{DFDF2314-6B8B-4DF0-BF8C-EC9959951C5E}.Release|x86.ActiveCfg = Release|Any CPU
		{DFDF2314-6B8B-4DF0-BF8C-EC9959951C5E}.Release|x86.Build.0 = Release|Any CPU
		{CC250792-E911-4C47-ABE8-5850F36286BB}.Debug|Any CPU.ActiveCfg = Debug|Any CPU
		{CC250792-E911-4C47-ABE8-5850F36286BB}.Debug|Any CPU.Build.0 = Debug|Any CPU
		{CC250792-E911-4C47-ABE8-5850F36286BB}.Debug|x86.ActiveCfg = Debug|Any CPU
		{CC250792-E911-4C47-ABE8-5850F36286BB}.Debug|x86.Build.0 = Debug|Any CPU
		{CC250792-E911-4C47-ABE8-5850F36286BB}.Release|Any CPU.ActiveCfg = Release|Any CPU
		{CC250792-E911-4C47-ABE8-5850F36286BB}.Release|Any CPU.Build.0 = Release|Any CPU
		{CC250792-E911-4C47-ABE8-5850F36286BB}.Release|x86.ActiveCfg = Release|Any CPU
		{CC250792-E911-4C47-ABE8-5850F36286BB}.Release|x86.Build.0 = Release|Any CPU
		{EA280E46-4B0B-461E-A231-4D723E7108A0}.Debug|Any CPU.ActiveCfg = Debug|Any CPU
		{EA280E46-4B0B-461E-A231-4D723E7108A0}.Debug|Any CPU.Build.0 = Debug|Any CPU
		{EA280E46-4B0B-461E-A231-4D723E7108A0}.Debug|x86.ActiveCfg = Debug|Any CPU
		{EA280E46-4B0B-461E-A231-4D723E7108A0}.Debug|x86.Build.0 = Debug|Any CPU
		{EA280E46-4B0B-461E-A231-4D723E7108A0}.Release|Any CPU.ActiveCfg = Release|Any CPU
		{EA280E46-4B0B-461E-A231-4D723E7108A0}.Release|Any CPU.Build.0 = Release|Any CPU
		{EA280E46-4B0B-461E-A231-4D723E7108A0}.Release|x86.ActiveCfg = Release|Any CPU
		{EA280E46-4B0B-461E-A231-4D723E7108A0}.Release|x86.Build.0 = Release|Any CPU
		{81091BA8-725D-465D-AC6B-A36912B73AA7}.Debug|Any CPU.ActiveCfg = Debug|Any CPU
		{81091BA8-725D-465D-AC6B-A36912B73AA7}.Debug|Any CPU.Build.0 = Debug|Any CPU
		{81091BA8-725D-465D-AC6B-A36912B73AA7}.Debug|x86.ActiveCfg = Debug|x86
		{81091BA8-725D-465D-AC6B-A36912B73AA7}.Debug|x86.Build.0 = Debug|x86
		{81091BA8-725D-465D-AC6B-A36912B73AA7}.Release|Any CPU.ActiveCfg = Release|Any CPU
		{81091BA8-725D-465D-AC6B-A36912B73AA7}.Release|Any CPU.Build.0 = Release|Any CPU
		{81091BA8-725D-465D-AC6B-A36912B73AA7}.Release|x86.ActiveCfg = Release|x86
		{81091BA8-725D-465D-AC6B-A36912B73AA7}.Release|x86.Build.0 = Release|x86
		{9E2BC849-E36F-44AB-8065-16CF9D7B21AD}.Debug|Any CPU.ActiveCfg = Debug|Any CPU
		{9E2BC849-E36F-44AB-8065-16CF9D7B21AD}.Debug|Any CPU.Build.0 = Debug|Any CPU
		{9E2BC849-E36F-44AB-8065-16CF9D7B21AD}.Debug|x86.ActiveCfg = Debug|Any CPU
		{9E2BC849-E36F-44AB-8065-16CF9D7B21AD}.Debug|x86.Build.0 = Debug|Any CPU
		{9E2BC849-E36F-44AB-8065-16CF9D7B21AD}.Release|Any CPU.ActiveCfg = Release|Any CPU
		{9E2BC849-E36F-44AB-8065-16CF9D7B21AD}.Release|Any CPU.Build.0 = Release|Any CPU
		{9E2BC849-E36F-44AB-8065-16CF9D7B21AD}.Release|x86.ActiveCfg = Release|Any CPU
		{9E2BC849-E36F-44AB-8065-16CF9D7B21AD}.Release|x86.Build.0 = Release|Any CPU
		{FB7DAFC4-7A06-44EC-AD11-5366B7BFA02C}.Debug|Any CPU.ActiveCfg = Debug|Any CPU
		{FB7DAFC4-7A06-44EC-AD11-5366B7BFA02C}.Debug|Any CPU.Build.0 = Debug|Any CPU
		{FB7DAFC4-7A06-44EC-AD11-5366B7BFA02C}.Debug|x86.ActiveCfg = Debug|Any CPU
		{FB7DAFC4-7A06-44EC-AD11-5366B7BFA02C}.Debug|x86.Build.0 = Debug|Any CPU
		{FB7DAFC4-7A06-44EC-AD11-5366B7BFA02C}.Release|Any CPU.ActiveCfg = Release|Any CPU
		{FB7DAFC4-7A06-44EC-AD11-5366B7BFA02C}.Release|Any CPU.Build.0 = Release|Any CPU
		{FB7DAFC4-7A06-44EC-AD11-5366B7BFA02C}.Release|x86.ActiveCfg = Release|Any CPU
		{FB7DAFC4-7A06-44EC-AD11-5366B7BFA02C}.Release|x86.Build.0 = Release|Any CPU
	EndGlobalSection
	GlobalSection(SolutionProperties) = preSolution
		HideSolutionNode = FALSE
	EndGlobalSection
	GlobalSection(NestedProjects) = preSolution
		{002A9C0A-9AFF-4270-9525-00514A195003} = {0367217E-1DEB-4622-B71C-CD77F44D6E21}
		{6088245C-42E2-4E7C-B423-B6939300AF1B} = {0367217E-1DEB-4622-B71C-CD77F44D6E21}
		{00E504F0-0675-4EF1-8822-3353EAC7EEF8} = {631638F5-403B-4E4B-A754-C6091862D02F}
		{6472A78A-FA90-4911-90A1-E8654CFE0FF7} = {631638F5-403B-4E4B-A754-C6091862D02F}
		{A02CA72B-060F-4327-A9A9-0DB8B7BE3D48} = {631638F5-403B-4E4B-A754-C6091862D02F}
		{FC0D6865-8D3D-4FE6-8157-C03E33477F4D} = {631638F5-403B-4E4B-A754-C6091862D02F}
		{9D9BE608-C69D-4FE0-A2D5-2253CC82BD19} = {631638F5-403B-4E4B-A754-C6091862D02F}
		{F17550B0-02E4-43D8-9DAB-2DAD8057D1D7} = {631638F5-403B-4E4B-A754-C6091862D02F}
		{FD1DCAD0-B614-49DF-AF1C-B4DF36B95B8A} = {631638F5-403B-4E4B-A754-C6091862D02F}
		{64308775-BD4A-469C-BCAB-3ED830B811AF} = {BC79B6A3-37B0-448F-8981-10993B21F3A1}
		{B5F38605-E98A-42C3-9B59-2AEB9A9928AF} = {AB8218B2-77E4-4A38-B994-B3A4CDE2ACDC}
		{BC79B6A3-37B0-448F-8981-10993B21F3A1} = {B5F38605-E98A-42C3-9B59-2AEB9A9928AF}
		{2FDF91EB-24FB-423D-A9F3-EFB9BD2BCB1F} = {631638F5-403B-4E4B-A754-C6091862D02F}
		{0ECCF515-34C0-465B-91CD-DC348252F225} = {631638F5-403B-4E4B-A754-C6091862D02F}
		{FC6BF8E1-1EF9-413F-9572-9EB8AD1025FF} = {631638F5-403B-4E4B-A754-C6091862D02F}
		{3A227B1D-7FFE-4AEC-A9A3-B9B634FF006B} = {631638F5-403B-4E4B-A754-C6091862D02F}
		{1E5FC450-85CC-4023-83F9-ECB4054A475F} = {B5F38605-E98A-42C3-9B59-2AEB9A9928AF}
		{76D3FD97-7F2C-4236-8168-DEA0588D6274} = {1E5FC450-85CC-4023-83F9-ECB4054A475F}
		{E39FB924-D580-4D1A-B2DF-0FDDA950595E} = {0367217E-1DEB-4622-B71C-CD77F44D6E21}
		{959789BF-97BF-46EF-9B45-A41AA280F1FE} = {5B159755-7E80-40D7-94D1-C27F5D5BC6F9}
		{832E63BC-C90E-4266-BCE4-3F80BD6F8898} = {DFF85B73-0C60-4C9C-AE8F-E5EDA8FF1168}
		{B1072BF1-1168-42A0-9B92-EF38A653201B} = {5B159755-7E80-40D7-94D1-C27F5D5BC6F9}
		{662AB7FC-D964-4090-9E8E-7847C92509EC} = {2603E434-980C-4F14-90F8-A59A00E8BFE1}
		{444F04F7-67EF-4BED-96CC-DFFAEFABC031} = {2603E434-980C-4F14-90F8-A59A00E8BFE1}
		{5527BA01-571D-4360-9C40-1B0316257A26} = {F61ED72A-051F-4CD3-8465-5D647DDD2736}
		{A03D77E2-D6D4-4B4E-8AA1-C719063302BC} = {E3B20F00-1BFF-449E-B93D-AA2C73765B2C}
		{631638F5-403B-4E4B-A754-C6091862D02F} = {436A3995-4D7E-4AE7-9F69-8BBB08926C08}
		{739F262D-1488-4CAC-959D-D64B50705D75} = {F61ED72A-051F-4CD3-8465-5D647DDD2736}
		{80FF0A0D-1D59-420F-8D82-6E08B3EBA508} = {F61ED72A-051F-4CD3-8465-5D647DDD2736}
		{71BB4DA7-4092-416D-89FE-97CD15207371} = {09D167CA-AD71-4725-AB9B-92D3EA6D928E}
		{09D167CA-AD71-4725-AB9B-92D3EA6D928E} = {BC79B6A3-37B0-448F-8981-10993B21F3A1}
		{05CA6AB5-63D9-48CF-8100-63BEAAB76952} = {09D167CA-AD71-4725-AB9B-92D3EA6D928E}
		{3A2750A9-E67B-432C-B9FC-40B71C039F2F} = {0367217E-1DEB-4622-B71C-CD77F44D6E21}
		{4946A66B-28F9-4C69-8489-D0E409495CF8} = {BC79B6A3-37B0-448F-8981-10993B21F3A1}
		{8E8D406C-1838-4914-867D-AB602D0EAF3E} = {BC79B6A3-37B0-448F-8981-10993B21F3A1}
		{2603E434-980C-4F14-90F8-A59A00E8BFE1} = {436A3995-4D7E-4AE7-9F69-8BBB08926C08}
		{9469B535-4686-48C4-9FF1-AD7F5F012430} = {2603E434-980C-4F14-90F8-A59A00E8BFE1}
		{DFDF2314-6B8B-4DF0-BF8C-EC9959951C5E} = {2603E434-980C-4F14-90F8-A59A00E8BFE1}
		{CC250792-E911-4C47-ABE8-5850F36286BB} = {DFF85B73-0C60-4C9C-AE8F-E5EDA8FF1168}
		{EA280E46-4B0B-461E-A231-4D723E7108A0} = {DFF85B73-0C60-4C9C-AE8F-E5EDA8FF1168}
		{DA873A14-2DEC-4813-B5A6-7E526F552485} = {E3B20F00-1BFF-449E-B93D-AA2C73765B2C}
		{A25A3F91-A1EC-4B2E-A43C-36A7361F4011} = {436A3995-4D7E-4AE7-9F69-8BBB08926C08}
		{81091BA8-725D-465D-AC6B-A36912B73AA7} = {BC79B6A3-37B0-448F-8981-10993B21F3A1}
		{9E2BC849-E36F-44AB-8065-16CF9D7B21AD} = {A25A3F91-A1EC-4B2E-A43C-36A7361F4011}
		{FB7DAFC4-7A06-44EC-AD11-5366B7BFA02C} = {A25A3F91-A1EC-4B2E-A43C-36A7361F4011}
	EndGlobalSection
	GlobalSection(ExtensibilityGlobals) = postSolution
		SolutionGuid = {2CA279E1-B05E-49FE-B0AB-7463306FEE3A}
	EndGlobalSection
EndGlobal
